
Microsoft Visual Studio Solution File, Format Version 12.00
# Visual Studio Version 17
VisualStudioVersion = 17.13.35931.197 d17.13
MinimumVisualStudioVersion = 10.0.40219.1
Project("{FAE04EC0-301F-11D3-BF4B-00C04F79EFBC}") = "ToDo List", "ToDo List\ToDo List.csproj", "{12117881-0106-49F6-9682-217D747D9C05}"
EndProject
Global
	GlobalSection(SolutionConfigurationPlatforms) = preSolution
		Debug|Any CPU = Debug|Any CPU
		Release|Any CPU = Release|Any CPU
	EndGlobalSection
	GlobalSection(ProjectConfigurationPlatforms) = postSolution
		{12117881-0106-49F6-9682-217D747D9C05}.Debug|Any CPU.ActiveCfg = Debug|Any CPU
		{12117881-0106-49F6-9682-217D747D9C05}.Debug|Any CPU.Build.0 = Debug|Any CPU
		{12117881-0106-49F6-9682-217D747D9C05}.Release|Any CPU.ActiveCfg = Release|Any CPU
		{12117881-0106-49F6-9682-217D747D9C05}.Release|Any CPU.Build.0 = Release|Any CPU
	EndGlobalSection
	GlobalSection(SolutionProperties) = preSolution
		HideSolutionNode = FALSE
	EndGlobalSection
	GlobalSection(ExtensibilityGlobals) = postSolution
		SolutionGuid = {792ABEEA-DC31-4E93-906E-9A9F79CCE947}
	EndGlobalSection
EndGlobal
